# Generated by buf. DO NOT EDIT.
version: v1
deps:
  - remote: fico-platform.buf.dev
    owner: googleapis
    repository: googleapis
    commit: 5a24a95985264c2cb1370230d3c3dd7a
    digest: shake256:17bb549cdd5d746c8e800147cbe19a93eb14d8e6ffd1eed6f5b0ebe4f0616b68b13cead698e2a09ff9577ee34e25cebaed1553292fb87602ff89297d78d3f541
